<?xml version="1.0" encoding="utf-8"?>
<Project ToolsVersion="4.0" xmlns="http://schemas.microsoft.com/developer/msbuild/2003">
  <ItemGroup>
    <ClCompile Include="CubeDrawer.cpp" />
    <ClCompile Include="Engine.cpp" />
    <ClCompile Include="main.cpp" />
    <ClCompile Include="OctreeBuilder.cpp" />
    <ClCompile Include="Utils.cpp" />
    <ClCompile Include="VoxelOctree.cpp" />
    <ClCompile Include="VoxelBuilder.cpp" />
  </ItemGroup>
  <ItemGroup>
    <ClInclude Include="CubeDrawer.h" />
    <ClInclude Include="Engine.h" />
    <ClInclude Include="OctreeBuilder.h" />
    <ClInclude Include="Utils.h" />
    <ClInclude Include="VolumeData.h" />
    <ClInclude Include="VoxelOctree.h" />
    <ClInclude Include="VoxelBuilder.h" />
    <ClInclude Include="CLUtils.h" />
  </ItemGroup>
</Project>